
Microsoft Visual Studio Solution File, Format Version 12.00
# Visual Studio 15
VisualStudioVersion = 15.0.27130.2026
MinimumVisualStudioVersion = 10.0.40219.1
Project("{FAE04EC0-301F-11D3-BF4B-00C04F79EFBC}") = "HelloWorld", "HelloWorld\HelloWorld.csproj", "{333170B3-AF51-4F05-BF55-B6170BD0D66D}"
EndProject
Global
	GlobalSection(SolutionConfigurationPlatforms) = preSolution
		Debug|Any CPU = Debug|Any CPU
		Release|Any CPU = Release|Any CPU
	EndGlobalSection
	GlobalSection(ProjectConfigurationPlatforms) = postSolution
		{333170B3-AF51-4F05-BF55-B6170BD0D66D}.Debug|Any CPU.ActiveCfg = Debug|Any CPU
		{333170B3-AF51-4F05-BF55-B6170BD0D66D}.Debug|Any CPU.Build.0 = Debug|Any CPU
		{333170B3-AF51-4F05-BF55-B6170BD0D66D}.Release|Any CPU.ActiveCfg = Release|Any CPU
		{333170B3-AF51-4F05-BF55-B6170BD0D66D}.Release|Any CPU.Build.0 = Release|Any CPU
	EndGlobalSection
	GlobalSection(SolutionProperties) = preSolution
		HideSolutionNode = FALSE
	EndGlobalSection
	GlobalSection(ExtensibilityGlobals) = postSolution
		SolutionGuid = {961B3B0A-1C5B-4297-9CAE-96437AD73559}
	EndGlobalSection
EndGlobal
