
Microsoft Visual Studio Solution File, Format Version 12.00
# Visual Studio 15
VisualStudioVersion = 15.0.27130.2026
MinimumVisualStudioVersion = 10.0.40219.1
Project("{FAE04EC0-301F-11D3-BF4B-00C04F79EFBC}") = "MathAndComparisonOperations", "MathAndComparisonOperations\MathAndComparisonOperations.csproj", "{687CF53F-5265-453C-81F4-6B9E59148214}"
EndProject
Global
	GlobalSection(SolutionConfigurationPlatforms) = preSolution
		Debug|Any CPU = Debug|Any CPU
		Release|Any CPU = Release|Any CPU
	EndGlobalSection
	GlobalSection(ProjectConfigurationPlatforms) = postSolution
		{687CF53F-5265-453C-81F4-6B9E59148214}.Debug|Any CPU.ActiveCfg = Debug|Any CPU
		{687CF53F-5265-453C-81F4-6B9E59148214}.Debug|Any CPU.Build.0 = Debug|Any CPU
		{687CF53F-5265-453C-81F4-6B9E59148214}.Release|Any CPU.ActiveCfg = Release|Any CPU
		{687CF53F-5265-453C-81F4-6B9E59148214}.Release|Any CPU.Build.0 = Release|Any CPU
	EndGlobalSection
	GlobalSection(SolutionProperties) = preSolution
		HideSolutionNode = FALSE
	EndGlobalSection
	GlobalSection(ExtensibilityGlobals) = postSolution
		SolutionGuid = {EEFCB12F-4516-4FA9-BBD4-6EB4663AF53D}
	EndGlobalSection
EndGlobal
